
Microsoft Visual Studio Solution File, Format Version 12.00
# Visual Studio Version 16
VisualStudioVersion = 16.0.29920.165
MinimumVisualStudioVersion = 10.0.40219.1
Project("{FAE04EC0-301F-11D3-BF4B-00C04F79EFBC}") = "SpbHouseAgeBot", "SpbHouseAgeBot\SpbHouseAgeBot.csproj", "{4E755533-AFD6-4285-9787-E81DB31B7184}"
EndProject
Project("{FAE04EC0-301F-11D3-BF4B-00C04F79EFBC}") = "SpbHouseAgeBot_UnitTests", "SpbHouseAgeBot_UnitTests\SpbHouseAgeBot_UnitTests.csproj", "{EE69D507-48D1-4783-B3CC-06AD15505ADC}"
EndProject
Project("{FAE04EC0-301F-11D3-BF4B-00C04F79EFBC}") = "SpbHouseAgeBotApi", "SpbHouseAgeBotApi\SpbHouseAgeBotApi.csproj", "{27B42A46-C58E-41AC-90F0-B249DAB5EA7B}"
EndProject
Global
	GlobalSection(SolutionConfigurationPlatforms) = preSolution
		Debug|Any CPU = Debug|Any CPU
		Release|Any CPU = Release|Any CPU
	EndGlobalSection
	GlobalSection(ProjectConfigurationPlatforms) = postSolution
		{4E755533-AFD6-4285-9787-E81DB31B7184}.Debug|Any CPU.ActiveCfg = Debug|Any CPU
		{4E755533-AFD6-4285-9787-E81DB31B7184}.Debug|Any CPU.Build.0 = Debug|Any CPU
		{4E755533-AFD6-4285-9787-E81DB31B7184}.Release|Any CPU.ActiveCfg = Release|Any CPU
		{4E755533-AFD6-4285-9787-E81DB31B7184}.Release|Any CPU.Build.0 = Release|Any CPU
		{EE69D507-48D1-4783-B3CC-06AD15505ADC}.Debug|Any CPU.ActiveCfg = Debug|Any CPU
		{EE69D507-48D1-4783-B3CC-06AD15505ADC}.Debug|Any CPU.Build.0 = Debug|Any CPU
		{EE69D507-48D1-4783-B3CC-06AD15505ADC}.Release|Any CPU.ActiveCfg = Release|Any CPU
		{EE69D507-48D1-4783-B3CC-06AD15505ADC}.Release|Any CPU.Build.0 = Release|Any CPU
		{27B42A46-C58E-41AC-90F0-B249DAB5EA7B}.Debug|Any CPU.ActiveCfg = Debug|Any CPU
		{27B42A46-C58E-41AC-90F0-B249DAB5EA7B}.Debug|Any CPU.Build.0 = Debug|Any CPU
		{27B42A46-C58E-41AC-90F0-B249DAB5EA7B}.Release|Any CPU.ActiveCfg = Release|Any CPU
		{27B42A46-C58E-41AC-90F0-B249DAB5EA7B}.Release|Any CPU.Build.0 = Release|Any CPU
	EndGlobalSection
	GlobalSection(SolutionProperties) = preSolution
		HideSolutionNode = FALSE
	EndGlobalSection
	GlobalSection(ExtensibilityGlobals) = postSolution
		SolutionGuid = {6FEA6E23-6924-410D-A0B6-07F96EA1EA76}
	EndGlobalSection
EndGlobal
